// !$*UTF8*$!
{
	archiveVersion = 1;
	classes = {
	};
	objectVersion = 46;
	objects = {

/* Begin PBXBuildFile section */
		518B75850D12DD83877A4729 /* Pods_needleAgent.framework in Frameworks */ = {isa = PBXBuildFile; fileRef = 0B29985A24DBA4B98B3862D2 /* Pods_needleAgent.framework */; };
		A65011D21F5C97E70006B9BE /* OpcodeDUMP_KEYCHAIN.m in Sources */ = {isa = PBXBuildFile; fileRef = A65011D11F5C97E70006B9BE /* OpcodeDUMP_KEYCHAIN.m */; };
		A90CB6A71E6727AA009FEA35 /* Security.framework in Frameworks */ = {isa = PBXBuildFile; fileRef = A90CB6A61E6727A2009FEA35 /* Security.framework */; };
		A974E21B1E685B4100F60BEF /* OpcodeProtocol.h in Headers */ = {isa = PBXBuildFile; fileRef = A93B0E0A1E157C0C002AAAA8 /* OpcodeProtocol.h */; };
		A974E21E1E68608D00F60BEF /* OpcodeSTOP.m in Sources */ = {isa = PBXBuildFile; fileRef = A974E21D1E68608D00F60BEF /* OpcodeSTOP.m */; };
		A974E2201E6861A500F60BEF /* OpcodeLIST_APPS.m in Sources */ = {isa = PBXBuildFile; fileRef = A974E21F1E6861A500F60BEF /* OpcodeLIST_APPS.m */; };
		A974E2221E68732600F60BEF /* OpcodeOS_VERSION.m in Sources */ = {isa = PBXBuildFile; fileRef = A974E2211E68732600F60BEF /* OpcodeOS_VERSION.m */; };
		A9A27A4F1E5DD04B0014E1A7 /* MobileCoreServices.framework in Frameworks */ = {isa = PBXBuildFile; fileRef = A9A27A4E1E5DD04B0014E1A7 /* MobileCoreServices.framework */; };
		A9A27A521E5DD1350014E1A7 /* FBApplicationInfo.h in Headers */ = {isa = PBXBuildFile; fileRef = A9A27A501E5DD1350014E1A7 /* FBApplicationInfo.h */; };
		A9A27A531E5DD1350014E1A7 /* LSApplicationProxy.h in Headers */ = {isa = PBXBuildFile; fileRef = A9A27A511E5DD1350014E1A7 /* LSApplicationProxy.h */; };
		A9B294EF1E9BACC200ACCCA6 /* Utils.h in Headers */ = {isa = PBXBuildFile; fileRef = A9B294EE1E9BACC200ACCCA6 /* Utils.h */; };
		A9B294F11E9BACD000ACCCA6 /* Utils.m in Sources */ = {isa = PBXBuildFile; fileRef = A9B294F01E9BACD000ACCCA6 /* Utils.m */; };
		A9C7110D1E65DD4D0084103A /* Assets.xcassets in Resources */ = {isa = PBXBuildFile; fileRef = A9C7110C1E65DD4D0084103A /* Assets.xcassets */; };
		A9C7110F1E65E8DD0084103A /* Foundation.framework in Frameworks */ = {isa = PBXBuildFile; fileRef = A9C7110E1E65E8D60084103A /* Foundation.framework */; };
		A9CFE9511E5DA69B006D6E08 /* LSApplicationWorkspace.h in Headers */ = {isa = PBXBuildFile; fileRef = A9CFE9501E5DA69B006D6E08 /* LSApplicationWorkspace.h */; };
		E912BB4D1D59EA1100B8E165 /* Main.storyboard in Resources */ = {isa = PBXBuildFile; fileRef = E912BB4C1D59EA1100B8E165 /* Main.storyboard */; };
		E91B6FD21D587B44000A2939 /* MWRServerViewController.m in Sources */ = {isa = PBXBuildFile; fileRef = E91B6FD01D587B44000A2939 /* MWRServerViewController.m */; };
		E91E39241D5B4BC600720D62 /* MWRCommandHandler.m in Sources */ = {isa = PBXBuildFile; fileRef = E91E39231D5B4BC600720D62 /* MWRCommandHandler.m */; };
		E91E39331D66094B00720D62 /* MWRAsyncSocket.m in Sources */ = {isa = PBXBuildFile; fileRef = E91E39321D66094B00720D62 /* MWRAsyncSocket.m */; };
		E9B171F71D548F6A00DB3B60 /* main.m in Sources */ = {isa = PBXBuildFile; fileRef = E9B171F61D548F6A00DB3B60 /* main.m */; };
		E9B171FA1D548F6A00DB3B60 /* AppDelegate.m in Sources */ = {isa = PBXBuildFile; fileRef = E9B171F91D548F6A00DB3B60 /* AppDelegate.m */; };
		E9B171FF1D548F6A00DB3B60 /* LaunchScreen.storyboard in Resources */ = {isa = PBXBuildFile; fileRef = E9B171FD1D548F6A00DB3B60 /* LaunchScreen.storyboard */; };
/* End PBXBuildFile section */

/* Begin PBXFileReference section */
		00A227A1A7CADB052076DAC1 /* Pods-needleAgent.release.xcconfig */ = {isa = PBXFileReference; includeInIndex = 1; lastKnownFileType = text.xcconfig; name = "Pods-needleAgent.release.xcconfig"; path = "Pods/Target Support Files/Pods-needleAgent/Pods-needleAgent.release.xcconfig"; sourceTree = "<group>"; };
		0B29985A24DBA4B98B3862D2 /* Pods_needleAgent.framework */ = {isa = PBXFileReference; explicitFileType = wrapper.framework; includeInIndex = 0; path = Pods_needleAgent.framework; sourceTree = BUILT_PRODUCTS_DIR; };
		305856903DDB45CA50AE55C2 /* Pods-needleAgentTests.release.xcconfig */ = {isa = PBXFileReference; includeInIndex = 1; lastKnownFileType = text.xcconfig; name = "Pods-needleAgentTests.release.xcconfig"; path = "Pods/Target Support Files/Pods-needleAgentTests/Pods-needleAgentTests.release.xcconfig"; sourceTree = "<group>"; };
		7B014009855E07263F36B776 /* Pods-needleAgentUITests.release.xcconfig */ = {isa = PBXFileReference; includeInIndex = 1; lastKnownFileType = text.xcconfig; name = "Pods-needleAgentUITests.release.xcconfig"; path = "Pods/Target Support Files/Pods-needleAgentUITests/Pods-needleAgentUITests.release.xcconfig"; sourceTree = "<group>"; };
		83310C1D77ED75BE61B9DEB9 /* Pods-needleAgentTests.debug.xcconfig */ = {isa = PBXFileReference; includeInIndex = 1; lastKnownFileType = text.xcconfig; name = "Pods-needleAgentTests.debug.xcconfig"; path = "Pods/Target Support Files/Pods-needleAgentTests/Pods-needleAgentTests.debug.xcconfig"; sourceTree = "<group>"; };
		A65011D11F5C97E70006B9BE /* OpcodeDUMP_KEYCHAIN.m */ = {isa = PBXFileReference; fileEncoding = 4; lastKnownFileType = sourcecode.c.objc; path = OpcodeDUMP_KEYCHAIN.m; sourceTree = "<group>"; };
		A65011D31F5C9D600006B9BE /* NeedleAgent.entitlements */ = {isa = PBXFileReference; lastKnownFileType = text.plist.entitlements; path = NeedleAgent.entitlements; sourceTree = "<group>"; };
		A90CB6A61E6727A2009FEA35 /* Security.framework */ = {isa = PBXFileReference; lastKnownFileType = wrapper.framework; name = Security.framework; path = System/Library/Frameworks/Security.framework; sourceTree = SDKROOT; };
		A90CB6A91E6728DE009FEA35 /* SecurityFoundation.framework */ = {isa = PBXFileReference; lastKnownFileType = wrapper.framework; name = SecurityFoundation.framework; path = ../../../../../../../../System/Library/Frameworks/SecurityFoundation.framework; sourceTree = "<group>"; };
		A90CB6AB1E672907009FEA35 /* Cocoa.framework */ = {isa = PBXFileReference; lastKnownFileType = wrapper.framework; name = Cocoa.framework; path = ../../../../../../../../System/Library/Frameworks/Cocoa.framework; sourceTree = "<group>"; };
		A93B0E0A1E157C0C002AAAA8 /* OpcodeProtocol.h */ = {isa = PBXFileReference; lastKnownFileType = sourcecode.c.h; path = OpcodeProtocol.h; sourceTree = "<group>"; };
		A974E21D1E68608D00F60BEF /* OpcodeSTOP.m */ = {isa = PBXFileReference; fileEncoding = 4; lastKnownFileType = sourcecode.c.objc; path = OpcodeSTOP.m; sourceTree = "<group>"; };
		A974E21F1E6861A500F60BEF /* OpcodeLIST_APPS.m */ = {isa = PBXFileReference; fileEncoding = 4; lastKnownFileType = sourcecode.c.objc; path = OpcodeLIST_APPS.m; sourceTree = "<group>"; };
		A974E2211E68732600F60BEF /* OpcodeOS_VERSION.m */ = {isa = PBXFileReference; fileEncoding = 4; lastKnownFileType = sourcecode.c.objc; path = OpcodeOS_VERSION.m; sourceTree = "<group>"; };
		A99C83CA1E14564600D7D13C /* Constants.h */ = {isa = PBXFileReference; lastKnownFileType = sourcecode.c.h; path = Constants.h; sourceTree = "<group>"; };
		A9A27A4E1E5DD04B0014E1A7 /* MobileCoreServices.framework */ = {isa = PBXFileReference; lastKnownFileType = wrapper.framework; name = MobileCoreServices.framework; path = System/Library/Frameworks/MobileCoreServices.framework; sourceTree = SDKROOT; };
		A9A27A501E5DD1350014E1A7 /* FBApplicationInfo.h */ = {isa = PBXFileReference; fileEncoding = 4; lastKnownFileType = sourcecode.c.h; path = FBApplicationInfo.h; sourceTree = "<group>"; };
		A9A27A511E5DD1350014E1A7 /* LSApplicationProxy.h */ = {isa = PBXFileReference; fileEncoding = 4; lastKnownFileType = sourcecode.c.h; path = LSApplicationProxy.h; sourceTree = "<group>"; };
		A9B294EE1E9BACC200ACCCA6 /* Utils.h */ = {isa = PBXFileReference; fileEncoding = 4; lastKnownFileType = sourcecode.c.h; path = Utils.h; sourceTree = "<group>"; };
		A9B294F01E9BACD000ACCCA6 /* Utils.m */ = {isa = PBXFileReference; fileEncoding = 4; lastKnownFileType = sourcecode.c.objc; path = Utils.m; sourceTree = "<group>"; };
		A9C7110C1E65DD4D0084103A /* Assets.xcassets */ = {isa = PBXFileReference; lastKnownFileType = folder.assetcatalog; path = Assets.xcassets; sourceTree = "<group>"; };
		A9C7110E1E65E8D60084103A /* Foundation.framework */ = {isa = PBXFileReference; lastKnownFileType = wrapper.framework; name = Foundation.framework; path = System/Library/Frameworks/Foundation.framework; sourceTree = SDKROOT; };
		A9CEF2D81E607515006A827E /* Xcode.app */ = {isa = PBXFileReference; lastKnownFileType = wrapper.application; name = Xcode.app; path = ../../../../../../../../Applications/Xcode.app; sourceTree = "<group>"; };
		A9CEF2DA1E607588006A827E /* SpringBoardServices.framework */ = {isa = PBXFileReference; lastKnownFileType = wrapper.framework; name = SpringBoardServices.framework; path = Platforms/iPhoneSimulator.platform/Developer/SDKs/iPhoneSimulator.sdk/System/Library/PrivateFrameworks/SpringBoardServices.framework; sourceTree = DEVELOPER_DIR; };
		A9CFE9501E5DA69B006D6E08 /* LSApplicationWorkspace.h */ = {isa = PBXFileReference; fileEncoding = 4; lastKnownFileType = sourcecode.c.h; path = LSApplicationWorkspace.h; sourceTree = "<group>"; };
		D4424905D46E85C419630E9B /* Pods-needleAgent.debug.xcconfig */ = {isa = PBXFileReference; includeInIndex = 1; lastKnownFileType = text.xcconfig; name = "Pods-needleAgent.debug.xcconfig"; path = "Pods/Target Support Files/Pods-needleAgent/Pods-needleAgent.debug.xcconfig"; sourceTree = "<group>"; };
		E912BB4C1D59EA1100B8E165 /* Main.storyboard */ = {isa = PBXFileReference; fileEncoding = 4; lastKnownFileType = file.storyboard; path = Main.storyboard; sourceTree = "<group>"; };
		E91B6FCF1D587B44000A2939 /* MWRServerViewController.h */ = {isa = PBXFileReference; fileEncoding = 4; lastKnownFileType = sourcecode.c.h; path = MWRServerViewController.h; sourceTree = "<group>"; };
		E91B6FD01D587B44000A2939 /* MWRServerViewController.m */ = {isa = PBXFileReference; fileEncoding = 4; lastKnownFileType = sourcecode.c.objc; path = MWRServerViewController.m; sourceTree = "<group>"; };
		E91E39221D5B4BC600720D62 /* MWRCommandHandler.h */ = {isa = PBXFileReference; fileEncoding = 4; lastKnownFileType = sourcecode.c.h; path = MWRCommandHandler.h; sourceTree = "<group>"; };
		E91E39231D5B4BC600720D62 /* MWRCommandHandler.m */ = {isa = PBXFileReference; fileEncoding = 4; lastKnownFileType = sourcecode.c.objc; path = MWRCommandHandler.m; sourceTree = "<group>"; };
		E91E39311D66094B00720D62 /* MWRAsyncSocket.h */ = {isa = PBXFileReference; fileEncoding = 4; lastKnownFileType = sourcecode.c.h; path = MWRAsyncSocket.h; sourceTree = "<group>"; };
		E91E39321D66094B00720D62 /* MWRAsyncSocket.m */ = {isa = PBXFileReference; fileEncoding = 4; lastKnownFileType = sourcecode.c.objc; path = MWRAsyncSocket.m; sourceTree = "<group>"; };
		E9B171F21D548F6A00DB3B60 /* needleAgent.app */ = {isa = PBXFileReference; explicitFileType = wrapper.application; includeInIndex = 0; name = needleAgent.app; path = NeedleAgent.app; sourceTree = BUILT_PRODUCTS_DIR; };
		E9B171F61D548F6A00DB3B60 /* main.m */ = {isa = PBXFileReference; lastKnownFileType = sourcecode.c.objc; path = main.m; sourceTree = "<group>"; };
		E9B171F81D548F6A00DB3B60 /* AppDelegate.h */ = {isa = PBXFileReference; lastKnownFileType = sourcecode.c.h; path = AppDelegate.h; sourceTree = "<group>"; };
		E9B171F91D548F6A00DB3B60 /* AppDelegate.m */ = {isa = PBXFileReference; lastKnownFileType = sourcecode.c.objc; path = AppDelegate.m; sourceTree = "<group>"; };
		E9B171FE1D548F6A00DB3B60 /* Base */ = {isa = PBXFileReference; lastKnownFileType = file.storyboard; name = Base; path = Base.lproj/LaunchScreen.storyboard; sourceTree = "<group>"; };
		E9B172001D548F6A00DB3B60 /* Info.plist */ = {isa = PBXFileReference; lastKnownFileType = text.plist.xml; path = Info.plist; sourceTree = "<group>"; };
		FC34ACBEC7EFC5D04C31FD72 /* Pods-needleAgentUITests.debug.xcconfig */ = {isa = PBXFileReference; includeInIndex = 1; lastKnownFileType = text.xcconfig; name = "Pods-needleAgentUITests.debug.xcconfig"; path = "Pods/Target Support Files/Pods-needleAgentUITests/Pods-needleAgentUITests.debug.xcconfig"; sourceTree = "<group>"; };
/* End PBXFileReference section */

/* Begin PBXFrameworksBuildPhase section */
		E9B171EF1D548F6A00DB3B60 /* Frameworks */ = {
			isa = PBXFrameworksBuildPhase;
			buildActionMask = 2147483647;
			files = (
				A90CB6A71E6727AA009FEA35 /* Security.framework in Frameworks */,
				A9C7110F1E65E8DD0084103A /* Foundation.framework in Frameworks */,
				A9A27A4F1E5DD04B0014E1A7 /* MobileCoreServices.framework in Frameworks */,
				518B75850D12DD83877A4729 /* Pods_needleAgent.framework in Frameworks */,
			);
			runOnlyForDeploymentPostprocessing = 0;
		};
/* End PBXFrameworksBuildPhase section */

/* Begin PBXGroup section */
		071283659E8D6E515A78748C /* Pods */ = {
			isa = PBXGroup;
			children = (
				D4424905D46E85C419630E9B /* Pods-needleAgent.debug.xcconfig */,
				00A227A1A7CADB052076DAC1 /* Pods-needleAgent.release.xcconfig */,
				83310C1D77ED75BE61B9DEB9 /* Pods-needleAgentTests.debug.xcconfig */,
				305856903DDB45CA50AE55C2 /* Pods-needleAgentTests.release.xcconfig */,
				FC34ACBEC7EFC5D04C31FD72 /* Pods-needleAgentUITests.debug.xcconfig */,
				7B014009855E07263F36B776 /* Pods-needleAgentUITests.release.xcconfig */,
			);
			name = Pods;
			sourceTree = "<group>";
		};
		19C2791FA896417D16D6BDA4 /* Frameworks */ = {
			isa = PBXGroup;
			children = (
				A90CB6AB1E672907009FEA35 /* Cocoa.framework */,
				A90CB6A91E6728DE009FEA35 /* SecurityFoundation.framework */,
				A90CB6A61E6727A2009FEA35 /* Security.framework */,
				A9C7110E1E65E8D60084103A /* Foundation.framework */,
				A9CEF2DA1E607588006A827E /* SpringBoardServices.framework */,
				A9CEF2D81E607515006A827E /* Xcode.app */,
				A9A27A4E1E5DD04B0014E1A7 /* MobileCoreServices.framework */,
				0B29985A24DBA4B98B3862D2 /* Pods_needleAgent.framework */,
			);
			name = Frameworks;
			sourceTree = "<group>";
		};
		A90CB6A11E66EA71009FEA35 /* PrivateInterfaces */ = {
			isa = PBXGroup;
			children = (
				A9A27A501E5DD1350014E1A7 /* FBApplicationInfo.h */,
				A9A27A511E5DD1350014E1A7 /* LSApplicationProxy.h */,
				A9CFE9501E5DA69B006D6E08 /* LSApplicationWorkspace.h */,
			);
			name = PrivateInterfaces;
			sourceTree = "<group>";
		};
		A974E2191E68570D00F60BEF /* Server */ = {
			isa = PBXGroup;
			children = (
				E91B6FCF1D587B44000A2939 /* MWRServerViewController.h */,
				E91B6FD01D587B44000A2939 /* MWRServerViewController.m */,
				E91E39311D66094B00720D62 /* MWRAsyncSocket.h */,
				E91E39321D66094B00720D62 /* MWRAsyncSocket.m */,
			);
			name = Server;
			sourceTree = "<group>";
		};
		A99C83C81E14515300D7D13C /* Opcodes */ = {
			isa = PBXGroup;
			children = (
				A90CB6A11E66EA71009FEA35 /* PrivateInterfaces */,
				A93B0E0A1E157C0C002AAAA8 /* OpcodeProtocol.h */,
				A974E21F1E6861A500F60BEF /* OpcodeLIST_APPS.m */,
				A974E2211E68732600F60BEF /* OpcodeOS_VERSION.m */,
				A974E21D1E68608D00F60BEF /* OpcodeSTOP.m */,
				A65011D11F5C97E70006B9BE /* OpcodeDUMP_KEYCHAIN.m */,
			);
			name = Opcodes;
			sourceTree = "<group>";
		};
		A99C83C91E14528B00D7D13C /* Handlers */ = {
			isa = PBXGroup;
			children = (
				A9B294EE1E9BACC200ACCCA6 /* Utils.h */,
				A9B294F01E9BACD000ACCCA6 /* Utils.m */,
				E91E39221D5B4BC600720D62 /* MWRCommandHandler.h */,
				E91E39231D5B4BC600720D62 /* MWRCommandHandler.m */,
			);
			name = Handlers;
			sourceTree = "<group>";
		};
		E9B171E91D548F6A00DB3B60 = {
			isa = PBXGroup;
			children = (
				E9B171F41D548F6A00DB3B60 /* needleAgent */,
				E9B171F31D548F6A00DB3B60 /* Products */,
				071283659E8D6E515A78748C /* Pods */,
				19C2791FA896417D16D6BDA4 /* Frameworks */,
			);
			sourceTree = "<group>";
		};
		E9B171F31D548F6A00DB3B60 /* Products */ = {
			isa = PBXGroup;
			children = (
				E9B171F21D548F6A00DB3B60 /* needleAgent.app */,
			);
			name = Products;
			sourceTree = "<group>";
		};
		E9B171F41D548F6A00DB3B60 /* needleAgent */ = {
			isa = PBXGroup;
			children = (
				A65011D31F5C9D600006B9BE /* NeedleAgent.entitlements */,
				A974E2191E68570D00F60BEF /* Server */,
				A99C83C91E14528B00D7D13C /* Handlers */,
				A99C83C81E14515300D7D13C /* Opcodes */,
				E9B171F81D548F6A00DB3B60 /* AppDelegate.h */,
				E9B171F91D548F6A00DB3B60 /* AppDelegate.m */,
				A99C83CA1E14564600D7D13C /* Constants.h */,
				E9B171FD1D548F6A00DB3B60 /* LaunchScreen.storyboard */,
				E9B172001D548F6A00DB3B60 /* Info.plist */,
				E9B171F51D548F6A00DB3B60 /* Supporting Files */,
				E912BB4C1D59EA1100B8E165 /* Main.storyboard */,
				A9C7110C1E65DD4D0084103A /* Assets.xcassets */,
			);
			path = needleAgent;
			sourceTree = "<group>";
		};
		E9B171F51D548F6A00DB3B60 /* Supporting Files */ = {
			isa = PBXGroup;
			children = (
				E9B171F61D548F6A00DB3B60 /* main.m */,
			);
			name = "Supporting Files";
			sourceTree = "<group>";
		};
/* End PBXGroup section */

/* Begin PBXHeadersBuildPhase section */
		A9E467691E5CA0E700C476A6 /* Headers */ = {
			isa = PBXHeadersBuildPhase;
			buildActionMask = 2147483647;
			files = (
				A9A27A531E5DD1350014E1A7 /* LSApplicationProxy.h in Headers */,
				A9CFE9511E5DA69B006D6E08 /* LSApplicationWorkspace.h in Headers */,
				A974E21B1E685B4100F60BEF /* OpcodeProtocol.h in Headers */,
				A9B294EF1E9BACC200ACCCA6 /* Utils.h in Headers */,
				A9A27A521E5DD1350014E1A7 /* FBApplicationInfo.h in Headers */,
			);
			runOnlyForDeploymentPostprocessing = 0;
		};
/* End PBXHeadersBuildPhase section */

/* Begin PBXNativeTarget section */
		E9B171F11D548F6A00DB3B60 /* needleAgent */ = {
			isa = PBXNativeTarget;
			buildConfigurationList = E9B172191D548F6A00DB3B60 /* Build configuration list for PBXNativeTarget "needleAgent" */;
			buildPhases = (
				A9C74BCE29E5925509B6534F /* [CP] Check Pods Manifest.lock */,
				E9B171EE1D548F6A00DB3B60 /* Sources */,
				E9B171EF1D548F6A00DB3B60 /* Frameworks */,
				E9B171F01D548F6A00DB3B60 /* Resources */,
				F982E4A6122CD11409D8925F /* [CP] Embed Pods Frameworks */,
				F53F69FA7FEF8639E4748DC9 /* [CP] Copy Pods Resources */,
				A9E467691E5CA0E700C476A6 /* Headers */,
			);
			buildRules = (
			);
			dependencies = (
			);
			name = needleAgent;
			productName = needleAgent;
			productReference = E9B171F21D548F6A00DB3B60 /* needleAgent.app */;
			productType = "com.apple.product-type.application";
		};
/* End PBXNativeTarget section */

/* Begin PBXProject section */
		E9B171EA1D548F6A00DB3B60 /* Project object */ = {
			isa = PBXProject;
			attributes = {
				LastUpgradeCheck = 0730;
				ORGANIZATIONNAME = MWR;
				TargetAttributes = {
					E9B171F11D548F6A00DB3B60 = {
						CreatedOnToolsVersion = 7.3.1;
						DevelopmentTeam = U38MMB3T7J;
						ProvisioningStyle = Automatic;
						SystemCapabilities = {
							com.apple.BackgroundModes = {
								enabled = 1;
							};
							com.apple.Keychain = {
								enabled = 1;
							};
						};
					};
				};
			};
			buildConfigurationList = E9B171ED1D548F6A00DB3B60 /* Build configuration list for PBXProject "needleAgent" */;
			compatibilityVersion = "Xcode 3.2";
			developmentRegion = English;
			hasScannedForEncodings = 0;
			knownRegions = (
				en,
				Base,
			);
			mainGroup = E9B171E91D548F6A00DB3B60;
			productRefGroup = E9B171F31D548F6A00DB3B60 /* Products */;
			projectDirPath = "";
			projectRoot = "";
			targets = (
				E9B171F11D548F6A00DB3B60 /* needleAgent */,
			);
		};
/* End PBXProject section */

/* Begin PBXResourcesBuildPhase section */
		E9B171F01D548F6A00DB3B60 /* Resources */ = {
			isa = PBXResourcesBuildPhase;
			buildActionMask = 2147483647;
			files = (
				E9B171FF1D548F6A00DB3B60 /* LaunchScreen.storyboard in Resources */,
				A9C7110D1E65DD4D0084103A /* Assets.xcassets in Resources */,
				E912BB4D1D59EA1100B8E165 /* Main.storyboard in Resources */,
			);
			runOnlyForDeploymentPostprocessing = 0;
		};
/* End PBXResourcesBuildPhase section */

/* Begin PBXShellScriptBuildPhase section */
		A9C74BCE29E5925509B6534F /* [CP] Check Pods Manifest.lock */ = {
			isa = PBXShellScriptBuildPhase;
			buildActionMask = 2147483647;
			files = (
			);
			inputPaths = (
			);
			name = "[CP] Check Pods Manifest.lock";
			outputPaths = (
			);
			runOnlyForDeploymentPostprocessing = 0;
			shellPath = /bin/sh;
			shellScript = "diff \"${PODS_ROOT}/../Podfile.lock\" \"${PODS_ROOT}/Manifest.lock\" > /dev/null\nif [[ $? != 0 ]] ; then\n    cat << EOM\nerror: The sandbox is not in sync with the Podfile.lock. Run 'pod install' or update your CocoaPods installation.\nEOM\n    exit 1\nfi\n";
			showEnvVarsInLog = 0;
		};
		F53F69FA7FEF8639E4748DC9 /* [CP] Copy Pods Resources */ = {
			isa = PBXShellScriptBuildPhase;
			buildActionMask = 2147483647;
			files = (
			);
			inputPaths = (
			);
			name = "[CP] Copy Pods Resources";
			outputPaths = (
			);
			runOnlyForDeploymentPostprocessing = 0;
			shellPath = /bin/sh;
			shellScript = "\"${SRCROOT}/Pods/Target Support Files/Pods-needleAgent/Pods-needleAgent-resources.sh\"\n";
			showEnvVarsInLog = 0;
		};
		F982E4A6122CD11409D8925F /* [CP] Embed Pods Frameworks */ = {
			isa = PBXShellScriptBuildPhase;
			buildActionMask = 2147483647;
			files = (
			);
			inputPaths = (
			);
			name = "[CP] Embed Pods Frameworks";
			outputPaths = (
			);
			runOnlyForDeploymentPostprocessing = 0;
			shellPath = /bin/sh;
			shellScript = "\"${SRCROOT}/Pods/Target Support Files/Pods-needleAgent/Pods-needleAgent-frameworks.sh\"\n";
			showEnvVarsInLog = 0;
		};
/* End PBXShellScriptBuildPhase section */

/* Begin PBXSourcesBuildPhase section */
		E9B171EE1D548F6A00DB3B60 /* Sources */ = {
			isa = PBXSourcesBuildPhase;
			buildActionMask = 2147483647;
			files = (
				E9B171FA1D548F6A00DB3B60 /* AppDelegate.m in Sources */,
				A65011D21F5C97E70006B9BE /* OpcodeDUMP_KEYCHAIN.m in Sources */,
				E91E39331D66094B00720D62 /* MWRAsyncSocket.m in Sources */,
				E91B6FD21D587B44000A2939 /* MWRServerViewController.m in Sources */,
				A9B294F11E9BACD000ACCCA6 /* Utils.m in Sources */,
				E9B171F71D548F6A00DB3B60 /* main.m in Sources */,
				A974E2201E6861A500F60BEF /* OpcodeLIST_APPS.m in Sources */,
				E91E39241D5B4BC600720D62 /* MWRCommandHandler.m in Sources */,
				A974E2221E68732600F60BEF /* OpcodeOS_VERSION.m in Sources */,
				A974E21E1E68608D00F60BEF /* OpcodeSTOP.m in Sources */,
			);
			runOnlyForDeploymentPostprocessing = 0;
		};
/* End PBXSourcesBuildPhase section */

/* Begin PBXVariantGroup section */
		E9B171FD1D548F6A00DB3B60 /* LaunchScreen.storyboard */ = {
			isa = PBXVariantGroup;
			children = (
				E9B171FE1D548F6A00DB3B60 /* Base */,
			);
			name = LaunchScreen.storyboard;
			sourceTree = "<group>";
		};
/* End PBXVariantGroup section */

/* Begin XCBuildConfiguration section */
		E9B172171D548F6A00DB3B60 /* Debug */ = {
			isa = XCBuildConfiguration;
			buildSettings = {
				ALWAYS_SEARCH_USER_PATHS = YES;
				ARCHS = "$(ARCHS_STANDARD)";
				ASSETCATALOG_COMPILER_APPICON_NAME = AppIcon;
				CLANG_ANALYZER_NONNULL = YES;
				CLANG_CXX_LANGUAGE_STANDARD = "gnu++0x";
				CLANG_CXX_LIBRARY = "libc++";
				CLANG_ENABLE_MODULES = YES;
				CLANG_ENABLE_OBJC_ARC = YES;
				CLANG_WARN_BOOL_CONVERSION = YES;
				CLANG_WARN_CONSTANT_CONVERSION = YES;
				CLANG_WARN_DIRECT_OBJC_ISA_USAGE = YES_ERROR;
				CLANG_WARN_EMPTY_BODY = YES;
				CLANG_WARN_ENUM_CONVERSION = YES;
				CLANG_WARN_INT_CONVERSION = YES;
				CLANG_WARN_OBJC_ROOT_CLASS = YES_ERROR;
				CLANG_WARN_UNREACHABLE_CODE = YES;
				CLANG_WARN__DUPLICATE_METHOD_MATCH = YES;
				CODE_SIGN_IDENTITY = "";
				"CODE_SIGN_IDENTITY[sdk=iphoneos*]" = "";
				COPY_PHASE_STRIP = NO;
				DEBUG_INFORMATION_FORMAT = dwarf;
				ENABLE_STRICT_OBJC_MSGSEND = YES;
				ENABLE_TESTABILITY = YES;
				GCC_C_LANGUAGE_STANDARD = gnu99;
				GCC_DYNAMIC_NO_PIC = NO;
				GCC_NO_COMMON_BLOCKS = YES;
				GCC_OPTIMIZATION_LEVEL = 0;
				GCC_PREPROCESSOR_DEFINITIONS = (
					"DEBUG=1",
					"$(inherited)",
				);
				GCC_WARN_64_TO_32_BIT_CONVERSION = YES;
				GCC_WARN_ABOUT_RETURN_TYPE = YES_ERROR;
				GCC_WARN_UNDECLARED_SELECTOR = YES;
				GCC_WARN_UNINITIALIZED_AUTOS = YES_AGGRESSIVE;
				GCC_WARN_UNUSED_FUNCTION = YES;
				GCC_WARN_UNUSED_VARIABLE = YES;
				HEADER_SEARCH_PATHS = "";
				IPHONEOS_DEPLOYMENT_TARGET = 8.1;
				MTL_ENABLE_DEBUG_INFO = YES;
				ONLY_ACTIVE_ARCH = NO;
				PRODUCT_NAME = "$(TARGET_NAME)";
				PROVISIONING_PROFILE = "";
				SDKROOT = iphoneos10.2;
				TARGETED_DEVICE_FAMILY = "1,2";
				VALID_ARCHS = "arm64 armv7";
			};
			name = Debug;
		};
		E9B172181D548F6A00DB3B60 /* Release */ = {
			isa = XCBuildConfiguration;
			buildSettings = {
				ALWAYS_SEARCH_USER_PATHS = YES;
				ARCHS = "$(ARCHS_STANDARD)";
				ASSETCATALOG_COMPILER_APPICON_NAME = AppIcon;
				CLANG_ANALYZER_NONNULL = YES;
				CLANG_CXX_LANGUAGE_STANDARD = "gnu++0x";
				CLANG_CXX_LIBRARY = "libc++";
				CLANG_ENABLE_MODULES = YES;
				CLANG_ENABLE_OBJC_ARC = YES;
				CLANG_WARN_BOOL_CONVERSION = YES;
				CLANG_WARN_CONSTANT_CONVERSION = YES;
				CLANG_WARN_DIRECT_OBJC_ISA_USAGE = YES_ERROR;
				CLANG_WARN_EMPTY_BODY = YES;
				CLANG_WARN_ENUM_CONVERSION = YES;
				CLANG_WARN_INT_CONVERSION = YES;
				CLANG_WARN_OBJC_ROOT_CLASS = YES_ERROR;
				CLANG_WARN_UNREACHABLE_CODE = YES;
				CLANG_WARN__DUPLICATE_METHOD_MATCH = YES;
				CODE_SIGN_IDENTITY = "";
				"CODE_SIGN_IDENTITY[sdk=iphoneos*]" = "";
				COPY_PHASE_STRIP = NO;
				DEBUG_INFORMATION_FORMAT = "dwarf-with-dsym";
				ENABLE_NS_ASSERTIONS = NO;
				ENABLE_STRICT_OBJC_MSGSEND = YES;
				GCC_C_LANGUAGE_STANDARD = gnu99;
				GCC_NO_COMMON_BLOCKS = YES;
				GCC_WARN_64_TO_32_BIT_CONVERSION = YES;
				GCC_WARN_ABOUT_RETURN_TYPE = YES_ERROR;
				GCC_WARN_UNDECLARED_SELECTOR = YES;
				GCC_WARN_UNINITIALIZED_AUTOS = YES_AGGRESSIVE;
				GCC_WARN_UNUSED_FUNCTION = YES;
				GCC_WARN_UNUSED_VARIABLE = YES;
				HEADER_SEARCH_PATHS = "";
				IPHONEOS_DEPLOYMENT_TARGET = 8.1;
				MTL_ENABLE_DEBUG_INFO = NO;
				ONLY_ACTIVE_ARCH = NO;
				PRODUCT_NAME = "$(TARGET_NAME)";
				PROVISIONING_PROFILE = "";
				SDKROOT = iphoneos10.2;
				TARGETED_DEVICE_FAMILY = "1,2";
				VALIDATE_PRODUCT = YES;
				VALID_ARCHS = "arm64 armv7";
			};
			name = Release;
		};
		E9B1721A1D548F6A00DB3B60 /* Debug */ = {
			isa = XCBuildConfiguration;
			baseConfigurationReference = D4424905D46E85C419630E9B /* Pods-needleAgent.debug.xcconfig */;
			buildSettings = {
				ASSETCATALOG_COMPILER_APPICON_NAME = AppIcon;
				CLANG_CXX_LIBRARY = "libstdc++";
				CODE_SIGN_ENTITLEMENTS = needleAgent/NeedleAgent.entitlements;
				CODE_SIGN_IDENTITY = "iPhone Developer";
				"CODE_SIGN_IDENTITY[sdk=iphoneos*]" = "iPhone Developer";
				DEVELOPMENT_TEAM = U38MMB3T7J;
				ENABLE_ONLY_ACTIVE_RESOURCES = YES;
				INFOPLIST_FILE = needleAgent/Info.plist;
				IPHONEOS_DEPLOYMENT_TARGET = 8.1;
				LD_RUNPATH_SEARCH_PATHS = "$(inherited) @executable_path/Frameworks";
				ONLY_ACTIVE_ARCH = YES;
				"OTHER_CODE_SIGN_FLAGS[sdk=*]" = "";
				PRODUCT_BUNDLE_IDENTIFIER = mwr.needle.agent;
				PRODUCT_MODULE_NAME = NeedleAgent;
				PRODUCT_NAME = NeedleAgent;
				PROVISIONING_PROFILE = "";
				TARGETED_DEVICE_FAMILY = "1,2";
				VALID_ARCHS = "arm64 armv7";
			};
			name = Debug;
		};
		E9B1721B1D548F6A00DB3B60 /* Release */ = {
			isa = XCBuildConfiguration;
			baseConfigurationReference = 00A227A1A7CADB052076DAC1 /* Pods-needleAgent.release.xcconfig */;
			buildSettings = {
				ASSETCATALOG_COMPILER_APPICON_NAME = AppIcon;
				CLANG_CXX_LIBRARY = "libstdc++";
				CODE_SIGN_ENTITLEMENTS = needleAgent/NeedleAgent.entitlements;
				CODE_SIGN_IDENTITY = "iPhone Developer";
				"CODE_SIGN_IDENTITY[sdk=iphoneos*]" = "iPhone Developer";
				DEVELOPMENT_TEAM = U38MMB3T7J;
				ENABLE_ONLY_ACTIVE_RESOURCES = YES;
				INFOPLIST_FILE = needleAgent/Info.plist;
				IPHONEOS_DEPLOYMENT_TARGET = 8.1;
				LD_RUNPATH_SEARCH_PATHS = "$(inherited) @executable_path/Frameworks";
				ONLY_ACTIVE_ARCH = YES;
				PRODUCT_BUNDLE_IDENTIFIER = mwr.needle.agent;
				PRODUCT_MODULE_NAME = NeedleAgent;
				PRODUCT_NAME = NeedleAgent;
				PROVISIONING_PROFILE = "";
				TARGETED_DEVICE_FAMILY = "1,2";
				VALID_ARCHS = "arm64 armv7";
			};
			name = Release;
		};
/* End XCBuildConfiguration section */

/* Begin XCConfigurationList section */
		E9B171ED1D548F6A00DB3B60 /* Build configuration list for PBXProject "needleAgent" */ = {
			isa = XCConfigurationList;
			buildConfigurations = (
				E9B172171D548F6A00DB3B60 /* Debug */,
				E9B172181D548F6A00DB3B60 /* Release */,
			);
			defaultConfigurationIsVisible = 0;
			defaultConfigurationName = Release;
		};
		E9B172191D548F6A00DB3B60 /* Build configuration list for PBXNativeTarget "needleAgent" */ = {
			isa = XCConfigurationList;
			buildConfigurations = (
				E9B1721A1D548F6A00DB3B60 /* Debug */,
				E9B1721B1D548F6A00DB3B60 /* Release */,
			);
			defaultConfigurationIsVisible = 0;
			defaultConfigurationName = Release;
		};
/* End XCConfigurationList section */
	};
	rootObject = E9B171EA1D548F6A00DB3B60 /* Project object */;
}
